
Microsoft Visual Studio Solution File, Format Version 12.00
# Visual Studio Version 17
VisualStudioVersion = 17.14.36623.8
MinimumVisualStudioVersion = 10.0.40219.1
Project("{2150E333-8FDC-42A3-9474-1A3956D46DE8}") = "src", "src", "{02EA681E-C7D8-13C7-8484-4AC65E1B71E8}"
EndProject
Project("{2150E333-8FDC-42A3-9474-1A3956D46DE8}") = "BackEnd", "BackEnd", "{23CCEFC0-0DAA-4797-99B2-F86892A2508A}"
EndProject
Project("{2150E333-8FDC-42A3-9474-1A3956D46DE8}") = "Shared", "Shared", "{4B1A5005-2ABC-4D9F-AA2C-3C9B04F2E008}"
EndProject
Project("{FAE04EC0-301F-11D3-BF4B-00C04F79EFBC}") = "IveComeToBook.Application", "src\Backend\IveComeToBook.Application\IveComeToBook.Application.csproj", "{3075C07B-78F8-4B73-A0A0-BCE86F4F6429}"
EndProject
Project("{FAE04EC0-301F-11D3-BF4B-00C04F79EFBC}") = "IveComeToBook.Infrastructure", "src\Backend\IveComeToBook.Infrastructure\IveComeToBook.Infrastructure.csproj", "{D2D01C81-2C8A-467A-ABA7-368C5825213F}"
EndProject
Project("{FAE04EC0-301F-11D3-BF4B-00C04F79EFBC}") = "IveComeToBook.Domain", "src\Backend\IveComeToBook.Domain\IveComeToBook.Domain.csproj", "{14763204-CE97-42A8-97E4-B3DC61BF4F52}"
EndProject
Project("{FAE04EC0-301F-11D3-BF4B-00C04F79EFBC}") = "IveComeToBook.Communication", "src\Shared\IveComeToBook.Communication\IveComeToBook.Communication.csproj", "{E45C2393-C7F7-49EB-8649-500E209FFD12}"
EndProject
Project("{FAE04EC0-301F-11D3-BF4B-00C04F79EFBC}") = "IveComeToBook.Exceptions", "src\Shared\IveComeToBook.Exceptions\IveComeToBook.Exceptions.csproj", "{2EBDBA46-ECBF-461A-8152-B612435FE3D9}"
EndProject
Project("{FAE04EC0-301F-11D3-BF4B-00C04F79EFBC}") = "IveComeToBook.API", "src\Backend\IveComeToBook.API\IveComeToBook.API.csproj", "{8FF3751E-593D-4CAC-8E66-E9F3C2BFE38F}"
EndProject
Global
	GlobalSection(SolutionConfigurationPlatforms) = preSolution
		Debug|Any CPU = Debug|Any CPU
		Debug|x64 = Debug|x64
		Debug|x86 = Debug|x86
		Release|Any CPU = Release|Any CPU
		Release|x64 = Release|x64
		Release|x86 = Release|x86
	EndGlobalSection
	GlobalSection(ProjectConfigurationPlatforms) = postSolution
		{3075C07B-78F8-4B73-A0A0-BCE86F4F6429}.Debug|Any CPU.ActiveCfg = Debug|Any CPU
		{3075C07B-78F8-4B73-A0A0-BCE86F4F6429}.Debug|Any CPU.Build.0 = Debug|Any CPU
		{3075C07B-78F8-4B73-A0A0-BCE86F4F6429}.Debug|x64.ActiveCfg = Debug|Any CPU
		{3075C07B-78F8-4B73-A0A0-BCE86F4F6429}.Debug|x64.Build.0 = Debug|Any CPU
		{3075C07B-78F8-4B73-A0A0-BCE86F4F6429}.Debug|x86.ActiveCfg = Debug|Any CPU
		{3075C07B-78F8-4B73-A0A0-BCE86F4F6429}.Debug|x86.Build.0 = Debug|Any CPU
		{3075C07B-78F8-4B73-A0A0-BCE86F4F6429}.Release|Any CPU.ActiveCfg = Release|Any CPU
		{3075C07B-78F8-4B73-A0A0-BCE86F4F6429}.Release|Any CPU.Build.0 = Release|Any CPU
		{3075C07B-78F8-4B73-A0A0-BCE86F4F6429}.Release|x64.ActiveCfg = Release|Any CPU
		{3075C07B-78F8-4B73-A0A0-BCE86F4F6429}.Release|x64.Build.0 = Release|Any CPU
		{3075C07B-78F8-4B73-A0A0-BCE86F4F6429}.Release|x86.ActiveCfg = Release|Any CPU
		{3075C07B-78F8-4B73-A0A0-BCE86F4F6429}.Release|x86.Build.0 = Release|Any CPU
		{D2D01C81-2C8A-467A-ABA7-368C5825213F}.Debug|Any CPU.ActiveCfg = Debug|Any CPU
		{D2D01C81-2C8A-467A-ABA7-368C5825213F}.Debug|Any CPU.Build.0 = Debug|Any CPU
		{D2D01C81-2C8A-467A-ABA7-368C5825213F}.Debug|x64.ActiveCfg = Debug|Any CPU
		{D2D01C81-2C8A-467A-ABA7-368C5825213F}.Debug|x64.Build.0 = Debug|Any CPU
		{D2D01C81-2C8A-467A-ABA7-368C5825213F}.Debug|x86.ActiveCfg = Debug|Any CPU
		{D2D01C81-2C8A-467A-ABA7-368C5825213F}.Debug|x86.Build.0 = Debug|Any CPU
		{D2D01C81-2C8A-467A-ABA7-368C5825213F}.Release|Any CPU.ActiveCfg = Release|Any CPU
		{D2D01C81-2C8A-467A-ABA7-368C5825213F}.Release|Any CPU.Build.0 = Release|Any CPU
		{D2D01C81-2C8A-467A-ABA7-368C5825213F}.Release|x64.ActiveCfg = Release|Any CPU
		{D2D01C81-2C8A-467A-ABA7-368C5825213F}.Release|x64.Build.0 = Release|Any CPU
		{D2D01C81-2C8A-467A-ABA7-368C5825213F}.Release|x86.ActiveCfg = Release|Any CPU
		{D2D01C81-2C8A-467A-ABA7-368C5825213F}.Release|x86.Build.0 = Release|Any CPU
		{14763204-CE97-42A8-97E4-B3DC61BF4F52}.Debug|Any CPU.ActiveCfg = Debug|Any CPU
		{14763204-CE97-42A8-97E4-B3DC61BF4F52}.Debug|Any CPU.Build.0 = Debug|Any CPU
		{14763204-CE97-42A8-97E4-B3DC61BF4F52}.Debug|x64.ActiveCfg = Debug|Any CPU
		{14763204-CE97-42A8-97E4-B3DC61BF4F52}.Debug|x64.Build.0 = Debug|Any CPU
		{14763204-CE97-42A8-97E4-B3DC61BF4F52}.Debug|x86.ActiveCfg = Debug|Any CPU
		{14763204-CE97-42A8-97E4-B3DC61BF4F52}.Debug|x86.Build.0 = Debug|Any CPU
		{14763204-CE97-42A8-97E4-B3DC61BF4F52}.Release|Any CPU.ActiveCfg = Release|Any CPU
		{14763204-CE97-42A8-97E4-B3DC61BF4F52}.Release|Any CPU.Build.0 = Release|Any CPU
		{14763204-CE97-42A8-97E4-B3DC61BF4F52}.Release|x64.ActiveCfg = Release|Any CPU
		{14763204-CE97-42A8-97E4-B3DC61BF4F52}.Release|x64.Build.0 = Release|Any CPU
		{14763204-CE97-42A8-97E4-B3DC61BF4F52}.Release|x86.ActiveCfg = Release|Any CPU
		{14763204-CE97-42A8-97E4-B3DC61BF4F52}.Release|x86.Build.0 = Release|Any CPU
		{E45C2393-C7F7-49EB-8649-500E209FFD12}.Debug|Any CPU.ActiveCfg = Debug|Any CPU
		{E45C2393-C7F7-49EB-8649-500E209FFD12}.Debug|Any CPU.Build.0 = Debug|Any CPU
		{E45C2393-C7F7-49EB-8649-500E209FFD12}.Debug|x64.ActiveCfg = Debug|Any CPU
		{E45C2393-C7F7-49EB-8649-500E209FFD12}.Debug|x64.Build.0 = Debug|Any CPU
		{E45C2393-C7F7-49EB-8649-500E209FFD12}.Debug|x86.ActiveCfg = Debug|Any CPU
		{E45C2393-C7F7-49EB-8649-500E209FFD12}.Debug|x86.Build.0 = Debug|Any CPU
		{E45C2393-C7F7-49EB-8649-500E209FFD12}.Release|Any CPU.ActiveCfg = Release|Any CPU
		{E45C2393-C7F7-49EB-8649-500E209FFD12}.Release|Any CPU.Build.0 = Release|Any CPU
		{E45C2393-C7F7-49EB-8649-500E209FFD12}.Release|x64.ActiveCfg = Release|Any CPU
		{E45C2393-C7F7-49EB-8649-500E209FFD12}.Release|x64.Build.0 = Release|Any CPU
		{E45C2393-C7F7-49EB-8649-500E209FFD12}.Release|x86.ActiveCfg = Release|Any CPU
		{E45C2393-C7F7-49EB-8649-500E209FFD12}.Release|x86.Build.0 = Release|Any CPU
		{2EBDBA46-ECBF-461A-8152-B612435FE3D9}.Debug|Any CPU.ActiveCfg = Debug|Any CPU
		{2EBDBA46-ECBF-461A-8152-B612435FE3D9}.Debug|Any CPU.Build.0 = Debug|Any CPU
		{2EBDBA46-ECBF-461A-8152-B612435FE3D9}.Debug|x64.ActiveCfg = Debug|Any CPU
		{2EBDBA46-ECBF-461A-8152-B612435FE3D9}.Debug|x64.Build.0 = Debug|Any CPU
		{2EBDBA46-ECBF-461A-8152-B612435FE3D9}.Debug|x86.ActiveCfg = Debug|Any CPU
		{2EBDBA46-ECBF-461A-8152-B612435FE3D9}.Debug|x86.Build.0 = Debug|Any CPU
		{2EBDBA46-ECBF-461A-8152-B612435FE3D9}.Release|Any CPU.ActiveCfg = Release|Any CPU
		{2EBDBA46-ECBF-461A-8152-B612435FE3D9}.Release|Any CPU.Build.0 = Release|Any CPU
		{2EBDBA46-ECBF-461A-8152-B612435FE3D9}.Release|x64.ActiveCfg = Release|Any CPU
		{2EBDBA46-ECBF-461A-8152-B612435FE3D9}.Release|x64.Build.0 = Release|Any CPU
		{2EBDBA46-ECBF-461A-8152-B612435FE3D9}.Release|x86.ActiveCfg = Release|Any CPU
		{2EBDBA46-ECBF-461A-8152-B612435FE3D9}.Release|x86.Build.0 = Release|Any CPU
		{8FF3751E-593D-4CAC-8E66-E9F3C2BFE38F}.Debug|Any CPU.ActiveCfg = Debug|Any CPU
		{8FF3751E-593D-4CAC-8E66-E9F3C2BFE38F}.Debug|Any CPU.Build.0 = Debug|Any CPU
		{8FF3751E-593D-4CAC-8E66-E9F3C2BFE38F}.Debug|x64.ActiveCfg = Debug|Any CPU
		{8FF3751E-593D-4CAC-8E66-E9F3C2BFE38F}.Debug|x64.Build.0 = Debug|Any CPU
		{8FF3751E-593D-4CAC-8E66-E9F3C2BFE38F}.Debug|x86.ActiveCfg = Debug|Any CPU
		{8FF3751E-593D-4CAC-8E66-E9F3C2BFE38F}.Debug|x86.Build.0 = Debug|Any CPU
		{8FF3751E-593D-4CAC-8E66-E9F3C2BFE38F}.Release|Any CPU.ActiveCfg = Release|Any CPU
		{8FF3751E-593D-4CAC-8E66-E9F3C2BFE38F}.Release|Any CPU.Build.0 = Release|Any CPU
		{8FF3751E-593D-4CAC-8E66-E9F3C2BFE38F}.Release|x64.ActiveCfg = Release|Any CPU
		{8FF3751E-593D-4CAC-8E66-E9F3C2BFE38F}.Release|x64.Build.0 = Release|Any CPU
		{8FF3751E-593D-4CAC-8E66-E9F3C2BFE38F}.Release|x86.ActiveCfg = Release|Any CPU
		{8FF3751E-593D-4CAC-8E66-E9F3C2BFE38F}.Release|x86.Build.0 = Release|Any CPU
	EndGlobalSection
	GlobalSection(SolutionProperties) = preSolution
		HideSolutionNode = FALSE
	EndGlobalSection
	GlobalSection(NestedProjects) = preSolution
		{23CCEFC0-0DAA-4797-99B2-F86892A2508A} = {02EA681E-C7D8-13C7-8484-4AC65E1B71E8}
		{4B1A5005-2ABC-4D9F-AA2C-3C9B04F2E008} = {02EA681E-C7D8-13C7-8484-4AC65E1B71E8}
		{3075C07B-78F8-4B73-A0A0-BCE86F4F6429} = {23CCEFC0-0DAA-4797-99B2-F86892A2508A}
		{D2D01C81-2C8A-467A-ABA7-368C5825213F} = {23CCEFC0-0DAA-4797-99B2-F86892A2508A}
		{14763204-CE97-42A8-97E4-B3DC61BF4F52} = {23CCEFC0-0DAA-4797-99B2-F86892A2508A}
		{E45C2393-C7F7-49EB-8649-500E209FFD12} = {4B1A5005-2ABC-4D9F-AA2C-3C9B04F2E008}
		{2EBDBA46-ECBF-461A-8152-B612435FE3D9} = {4B1A5005-2ABC-4D9F-AA2C-3C9B04F2E008}
		{8FF3751E-593D-4CAC-8E66-E9F3C2BFE38F} = {23CCEFC0-0DAA-4797-99B2-F86892A2508A}
	EndGlobalSection
	GlobalSection(ExtensibilityGlobals) = postSolution
		SolutionGuid = {C94B6054-3117-4F1D-919D-4AE042237735}
	EndGlobalSection
EndGlobal
